
Microsoft Visual Studio Solution File, Format Version 12.00
# Visual Studio 15
VisualStudioVersion = 15.0.26730.10
MinimumVisualStudioVersion = 10.0.40219.1
Project("{9A19103F-16F7-4668-BE54-9A1E7A4F7556}") = "QuestionnaireMVC", "QuestionnaireMVC\QuestionnaireMVC.csproj", "{70C6F75C-510C-4A17-81C4-990F6F624B25}"
EndProject
Project("{FAE04EC0-301F-11D3-BF4B-00C04F79EFBC}") = "QuestionnaireMVC.Test", "..\QuestionnaireMVC.Test\QuestionnaireMVC.Test.csproj", "{2277B91A-822F-49F2-A2F3-518158B600D6}"
EndProject
Global
	GlobalSection(SolutionConfigurationPlatforms) = preSolution
		Debug|Any CPU = Debug|Any CPU
		Release|Any CPU = Release|Any CPU
	EndGlobalSection
	GlobalSection(ProjectConfigurationPlatforms) = postSolution
		{70C6F75C-510C-4A17-81C4-990F6F624B25}.Debug|Any CPU.ActiveCfg = Debug|Any CPU
		{70C6F75C-510C-4A17-81C4-990F6F624B25}.Debug|Any CPU.Build.0 = Debug|Any CPU
		{70C6F75C-510C-4A17-81C4-990F6F624B25}.Release|Any CPU.ActiveCfg = Release|Any CPU
		{70C6F75C-510C-4A17-81C4-990F6F624B25}.Release|Any CPU.Build.0 = Release|Any CPU
		{2277B91A-822F-49F2-A2F3-518158B600D6}.Debug|Any CPU.ActiveCfg = Debug|Any CPU
		{2277B91A-822F-49F2-A2F3-518158B600D6}.Debug|Any CPU.Build.0 = Debug|Any CPU
		{2277B91A-822F-49F2-A2F3-518158B600D6}.Release|Any CPU.ActiveCfg = Release|Any CPU
		{2277B91A-822F-49F2-A2F3-518158B600D6}.Release|Any CPU.Build.0 = Release|Any CPU
	EndGlobalSection
	GlobalSection(SolutionProperties) = preSolution
		HideSolutionNode = FALSE
	EndGlobalSection
	GlobalSection(ExtensibilityGlobals) = postSolution
		SolutionGuid = {5CA8D414-459F-4AAB-8589-9354E4E0DC20}
	EndGlobalSection
EndGlobal
